// !$*UTF8*$!
{
	archiveVersion = 1;
	classes = {
	};
	objectVersion = 51;
	objects = {

/* Begin PBXBuildFile section */
		1E47C3430979FCF81F07575B /* Pods_MetacriticGameScoreViewer.framework in Frameworks */ = {isa = PBXBuildFile; fileRef = 8F1BC3CC1C92BD98CEF6B861 /* Pods_MetacriticGameScoreViewer.framework */; };
		5B1F3BFB2420DFB200E0698C /* AppDelegate.swift in Sources */ = {isa = PBXBuildFile; fileRef = 5B1F3BFA2420DFB200E0698C /* AppDelegate.swift */; };
		5B1F3BFD2420DFB200E0698C /* SceneDelegate.swift in Sources */ = {isa = PBXBuildFile; fileRef = 5B1F3BFC2420DFB200E0698C /* SceneDelegate.swift */; };
		5B1F3BFF2420DFB200E0698C /* SearchViewController.swift in Sources */ = {isa = PBXBuildFile; fileRef = 5B1F3BFE2420DFB200E0698C /* SearchViewController.swift */; };
		5B1F3C022420DFB200E0698C /* Main.storyboard in Resources */ = {isa = PBXBuildFile; fileRef = 5B1F3C002420DFB200E0698C /* Main.storyboard */; };
		5B1F3C042420DFB200E0698C /* Assets.xcassets in Resources */ = {isa = PBXBuildFile; fileRef = 5B1F3C032420DFB200E0698C /* Assets.xcassets */; };
		5B1F3C072420DFB200E0698C /* LaunchScreen.storyboard in Resources */ = {isa = PBXBuildFile; fileRef = 5B1F3C052420DFB200E0698C /* LaunchScreen.storyboard */; };
		5B24A8DF2425CAC800A12A96 /* BookmarkViewController.swift in Sources */ = {isa = PBXBuildFile; fileRef = 5B24A8DE2425CAC800A12A96 /* BookmarkViewController.swift */; };
		5B2C884E242CA7060028BC17 /* LibraryViewController.swift in Sources */ = {isa = PBXBuildFile; fileRef = 5B2C884D242CA7060028BC17 /* LibraryViewController.swift */; };
		5B2C8851242CA91D0028BC17 /* LibraryTableViewCell.swift in Sources */ = {isa = PBXBuildFile; fileRef = 5B2C884F242CA91D0028BC17 /* LibraryTableViewCell.swift */; };
		5B2C8852242CA91D0028BC17 /* LibraryTableViewCell.xib in Resources */ = {isa = PBXBuildFile; fileRef = 5B2C8850242CA91D0028BC17 /* LibraryTableViewCell.xib */; };
		5B2C8854242CAC120028BC17 /* LibraryCellInfo.swift in Sources */ = {isa = PBXBuildFile; fileRef = 5B2C8853242CAC120028BC17 /* LibraryCellInfo.swift */; };
		5B3E7BFF242727EF0027BD1D /* RegisterViewController.swift in Sources */ = {isa = PBXBuildFile; fileRef = 5B3E7BFE242727EF0027BD1D /* RegisterViewController.swift */; };
		5B3E7C01242728000027BD1D /* LoginViewController.swift in Sources */ = {isa = PBXBuildFile; fileRef = 5B3E7C00242728000027BD1D /* LoginViewController.swift */; };
		5B3E7C032427284B0027BD1D /* WelcomeViewController.swift in Sources */ = {isa = PBXBuildFile; fileRef = 5B3E7C022427284B0027BD1D /* WelcomeViewController.swift */; };
		5B3E7C052427501F0027BD1D /* GoogleService-Info.plist in Resources */ = {isa = PBXBuildFile; fileRef = 5B3E7C042427501F0027BD1D /* GoogleService-Info.plist */; };
		5B3E7C07242753410027BD1D /* Const.swift in Sources */ = {isa = PBXBuildFile; fileRef = 5B3E7C06242753410027BD1D /* Const.swift */; };
		5B50E0D9242A2398009CF4A7 /* DescriptionPopupViewController.swift in Sources */ = {isa = PBXBuildFile; fileRef = 5B50E0D8242A2398009CF4A7 /* DescriptionPopupViewController.swift */; };
		5B9C092E242B561700F73F96 /* GameScoreInfo.swift in Sources */ = {isa = PBXBuildFile; fileRef = 5B9C092D242B561700F73F96 /* GameScoreInfo.swift */; };
		5BE01E1124222AAF005DD70C /* GameInfoCell.swift in Sources */ = {isa = PBXBuildFile; fileRef = 5BE01E0F24222AAF005DD70C /* GameInfoCell.swift */; };
		5BE01E1224222AAF005DD70C /* GameInfoCell.xib in Resources */ = {isa = PBXBuildFile; fileRef = 5BE01E1024222AAF005DD70C /* GameInfoCell.xib */; };
		5BE01E1524224474005DD70C /* Realm_GameScoreInfo.swift in Sources */ = {isa = PBXBuildFile; fileRef = 5BE01E1424224474005DD70C /* Realm_GameScoreInfo.swift */; };
/* End PBXBuildFile section */

/* Begin PBXFileReference section */
		5B1F3BF72420DFB200E0698C /* GameTodoey.app */ = {isa = PBXFileReference; explicitFileType = wrapper.application; includeInIndex = 0; path = GameTodoey.app; sourceTree = BUILT_PRODUCTS_DIR; };
		5B1F3BFA2420DFB200E0698C /* AppDelegate.swift */ = {isa = PBXFileReference; lastKnownFileType = sourcecode.swift; path = AppDelegate.swift; sourceTree = "<group>"; };
		5B1F3BFC2420DFB200E0698C /* SceneDelegate.swift */ = {isa = PBXFileReference; lastKnownFileType = sourcecode.swift; path = SceneDelegate.swift; sourceTree = "<group>"; };
		5B1F3BFE2420DFB200E0698C /* SearchViewController.swift */ = {isa = PBXFileReference; lastKnownFileType = sourcecode.swift; path = SearchViewController.swift; sourceTree = "<group>"; };
		5B1F3C012420DFB200E0698C /* Base */ = {isa = PBXFileReference; lastKnownFileType = file.storyboard; name = Base; path = Base.lproj/Main.storyboard; sourceTree = "<group>"; };
		5B1F3C032420DFB200E0698C /* Assets.xcassets */ = {isa = PBXFileReference; lastKnownFileType = folder.assetcatalog; path = Assets.xcassets; sourceTree = "<group>"; };
		5B1F3C062420DFB200E0698C /* Base */ = {isa = PBXFileReference; lastKnownFileType = file.storyboard; name = Base; path = Base.lproj/LaunchScreen.storyboard; sourceTree = "<group>"; };
		5B1F3C082420DFB200E0698C /* Info.plist */ = {isa = PBXFileReference; lastKnownFileType = text.plist.xml; path = Info.plist; sourceTree = "<group>"; };
		5B24A8DE2425CAC800A12A96 /* BookmarkViewController.swift */ = {isa = PBXFileReference; lastKnownFileType = sourcecode.swift; path = BookmarkViewController.swift; sourceTree = "<group>"; };
		5B2C884D242CA7060028BC17 /* LibraryViewController.swift */ = {isa = PBXFileReference; lastKnownFileType = sourcecode.swift; path = LibraryViewController.swift; sourceTree = "<group>"; };
		5B2C884F242CA91D0028BC17 /* LibraryTableViewCell.swift */ = {isa = PBXFileReference; lastKnownFileType = sourcecode.swift; path = LibraryTableViewCell.swift; sourceTree = "<group>"; };
		5B2C8850242CA91D0028BC17 /* LibraryTableViewCell.xib */ = {isa = PBXFileReference; lastKnownFileType = file.xib; path = LibraryTableViewCell.xib; sourceTree = "<group>"; };
		5B2C8853242CAC120028BC17 /* LibraryCellInfo.swift */ = {isa = PBXFileReference; lastKnownFileType = sourcecode.swift; path = LibraryCellInfo.swift; sourceTree = "<group>"; };
		5B3E7BFE242727EF0027BD1D /* RegisterViewController.swift */ = {isa = PBXFileReference; lastKnownFileType = sourcecode.swift; path = RegisterViewController.swift; sourceTree = "<group>"; };
		5B3E7C00242728000027BD1D /* LoginViewController.swift */ = {isa = PBXFileReference; lastKnownFileType = sourcecode.swift; path = LoginViewController.swift; sourceTree = "<group>"; };
		5B3E7C022427284B0027BD1D /* WelcomeViewController.swift */ = {isa = PBXFileReference; lastKnownFileType = sourcecode.swift; path = WelcomeViewController.swift; sourceTree = "<group>"; };
		5B3E7C042427501F0027BD1D /* GoogleService-Info.plist */ = {isa = PBXFileReference; fileEncoding = 4; lastKnownFileType = text.plist.xml; path = "GoogleService-Info.plist"; sourceTree = "<group>"; };
		5B3E7C06242753410027BD1D /* Const.swift */ = {isa = PBXFileReference; lastKnownFileType = sourcecode.swift; path = Const.swift; sourceTree = "<group>"; };
		5B50E0D8242A2398009CF4A7 /* DescriptionPopupViewController.swift */ = {isa = PBXFileReference; lastKnownFileType = sourcecode.swift; path = DescriptionPopupViewController.swift; sourceTree = "<group>"; };
		5B9C092D242B561700F73F96 /* GameScoreInfo.swift */ = {isa = PBXFileReference; lastKnownFileType = sourcecode.swift; path = GameScoreInfo.swift; sourceTree = "<group>"; };
		5BE01E0F24222AAF005DD70C /* GameInfoCell.swift */ = {isa = PBXFileReference; lastKnownFileType = sourcecode.swift; path = GameInfoCell.swift; sourceTree = "<group>"; };
		5BE01E1024222AAF005DD70C /* GameInfoCell.xib */ = {isa = PBXFileReference; lastKnownFileType = file.xib; path = GameInfoCell.xib; sourceTree = "<group>"; };
		5BE01E1424224474005DD70C /* Realm_GameScoreInfo.swift */ = {isa = PBXFileReference; lastKnownFileType = sourcecode.swift; path = Realm_GameScoreInfo.swift; sourceTree = "<group>"; };
		7DE7BCD0A9AB9627D37CB329 /* Pods-MetacriticGameScoreViewer.release.xcconfig */ = {isa = PBXFileReference; includeInIndex = 1; lastKnownFileType = text.xcconfig; name = "Pods-MetacriticGameScoreViewer.release.xcconfig"; path = "Target Support Files/Pods-MetacriticGameScoreViewer/Pods-MetacriticGameScoreViewer.release.xcconfig"; sourceTree = "<group>"; };
		8F1BC3CC1C92BD98CEF6B861 /* Pods_MetacriticGameScoreViewer.framework */ = {isa = PBXFileReference; explicitFileType = wrapper.framework; includeInIndex = 0; path = Pods_MetacriticGameScoreViewer.framework; sourceTree = BUILT_PRODUCTS_DIR; };
		F61A186AF3F90CAABB46A3C3 /* Pods-MetacriticGameScoreViewer.debug.xcconfig */ = {isa = PBXFileReference; includeInIndex = 1; lastKnownFileType = text.xcconfig; name = "Pods-MetacriticGameScoreViewer.debug.xcconfig"; path = "Target Support Files/Pods-MetacriticGameScoreViewer/Pods-MetacriticGameScoreViewer.debug.xcconfig"; sourceTree = "<group>"; };
/* End PBXFileReference section */

/* Begin PBXFrameworksBuildPhase section */
		5B1F3BF42420DFB200E0698C /* Frameworks */ = {
			isa = PBXFrameworksBuildPhase;
			buildActionMask = 2147483647;
			files = (
				1E47C3430979FCF81F07575B /* Pods_MetacriticGameScoreViewer.framework in Frameworks */,
			);
			runOnlyForDeploymentPostprocessing = 0;
		};
/* End PBXFrameworksBuildPhase section */

/* Begin PBXGroup section */
		5B1F3BEE2420DFB200E0698C = {
			isa = PBXGroup;
			children = (
				5B1F3BF92420DFB200E0698C /* MetacriticGameScoreViewer */,
				5B1F3BF82420DFB200E0698C /* Products */,
				AAB35AE70D4CC19E166027C0 /* Pods */,
				BBF86556C3A436F5ACFB793B /* Frameworks */,
			);
			sourceTree = "<group>";
		};
		5B1F3BF82420DFB200E0698C /* Products */ = {
			isa = PBXGroup;
			children = (
				5B1F3BF72420DFB200E0698C /* GameTodoey.app */,
			);
			name = Products;
			sourceTree = "<group>";
		};
		5B1F3BF92420DFB200E0698C /* MetacriticGameScoreViewer */ = {
			isa = PBXGroup;
			children = (
				5BE01E132422441A005DD70C /* Model */,
				5B1F3BFA2420DFB200E0698C /* AppDelegate.swift */,
				5B1F3BFC2420DFB200E0698C /* SceneDelegate.swift */,
				5B24A8DD2425CA7200A12A96 /* Controller */,
				5BE01E0E24222A64005DD70C /* View */,
				5B3E7C06242753410027BD1D /* Const.swift */,
				5B1F3C032420DFB200E0698C /* Assets.xcassets */,
				5B1F3C052420DFB200E0698C /* LaunchScreen.storyboard */,
				5B1F3C082420DFB200E0698C /* Info.plist */,
				5B3E7C042427501F0027BD1D /* GoogleService-Info.plist */,
			);
			path = MetacriticGameScoreViewer;
			sourceTree = "<group>";
		};
		5B24A8DD2425CA7200A12A96 /* Controller */ = {
			isa = PBXGroup;
			children = (
				5B3E7C022427284B0027BD1D /* WelcomeViewController.swift */,
				5B3E7BFE242727EF0027BD1D /* RegisterViewController.swift */,
				5B3E7C00242728000027BD1D /* LoginViewController.swift */,
				5B1F3BFE2420DFB200E0698C /* SearchViewController.swift */,
				5B24A8DE2425CAC800A12A96 /* BookmarkViewController.swift */,
				5B50E0D8242A2398009CF4A7 /* DescriptionPopupViewController.swift */,
				5B2C884D242CA7060028BC17 /* LibraryViewController.swift */,
			);
			path = Controller;
			sourceTree = "<group>";
		};
		5BE01E0E24222A64005DD70C /* View */ = {
			isa = PBXGroup;
			children = (
				5B1F3C002420DFB200E0698C /* Main.storyboard */,
				5BE01E0F24222AAF005DD70C /* GameInfoCell.swift */,
				5BE01E1024222AAF005DD70C /* GameInfoCell.xib */,
				5B2C884F242CA91D0028BC17 /* LibraryTableViewCell.swift */,
				5B2C8850242CA91D0028BC17 /* LibraryTableViewCell.xib */,
			);
			path = View;
			sourceTree = "<group>";
		};
		5BE01E132422441A005DD70C /* Model */ = {
			isa = PBXGroup;
			children = (
				5BE01E1424224474005DD70C /* Realm_GameScoreInfo.swift */,
				5B9C092D242B561700F73F96 /* GameScoreInfo.swift */,
				5B2C8853242CAC120028BC17 /* LibraryCellInfo.swift */,
			);
			path = Model;
			sourceTree = "<group>";
		};
		AAB35AE70D4CC19E166027C0 /* Pods */ = {
			isa = PBXGroup;
			children = (
				F61A186AF3F90CAABB46A3C3 /* Pods-MetacriticGameScoreViewer.debug.xcconfig */,
				7DE7BCD0A9AB9627D37CB329 /* Pods-MetacriticGameScoreViewer.release.xcconfig */,
			);
			path = Pods;
			sourceTree = "<group>";
		};
		BBF86556C3A436F5ACFB793B /* Frameworks */ = {
			isa = PBXGroup;
			children = (
				8F1BC3CC1C92BD98CEF6B861 /* Pods_MetacriticGameScoreViewer.framework */,
			);
			name = Frameworks;
			sourceTree = "<group>";
		};
/* End PBXGroup section */

/* Begin PBXNativeTarget section */
		5B1F3BF62420DFB200E0698C /* MetacriticGameScoreViewer */ = {
			isa = PBXNativeTarget;
			buildConfigurationList = 5B1F3C0B2420DFB200E0698C /* Build configuration list for PBXNativeTarget "MetacriticGameScoreViewer" */;
			buildPhases = (
				D52F1AAE377FB356506F5B7B /* [CP] Check Pods Manifest.lock */,
				5B1F3BF32420DFB200E0698C /* Sources */,
				5B1F3BF42420DFB200E0698C /* Frameworks */,
				5B1F3BF52420DFB200E0698C /* Resources */,
				EF8F6C4428B6EF333C2C8D6E /* [CP] Embed Pods Frameworks */,
			);
			buildRules = (
			);
			dependencies = (
			);
			name = MetacriticGameScoreViewer;
			productName = MetacriticGameScoreViewer;
			productReference = 5B1F3BF72420DFB200E0698C /* GameTodoey.app */;
			productType = "com.apple.product-type.application";
		};
/* End PBXNativeTarget section */

/* Begin PBXProject section */
		5B1F3BEF2420DFB200E0698C /* Project object */ = {
			isa = PBXProject;
			attributes = {
				LastSwiftUpdateCheck = 1130;
				LastUpgradeCheck = 1130;
				ORGANIZATIONNAME = jaeguKim;
				TargetAttributes = {
					5B1F3BF62420DFB200E0698C = {
						CreatedOnToolsVersion = 11.3.1;
					};
				};
			};
			buildConfigurationList = 5B1F3BF22420DFB200E0698C /* Build configuration list for PBXProject "MetacriticGameScoreViewer" */;
			compatibilityVersion = "Xcode 9.3";
			developmentRegion = en;
			hasScannedForEncodings = 0;
			knownRegions = (
				en,
				Base,
			);
			mainGroup = 5B1F3BEE2420DFB200E0698C;
			productRefGroup = 5B1F3BF82420DFB200E0698C /* Products */;
			projectDirPath = "";
			projectRoot = "";
			targets = (
				5B1F3BF62420DFB200E0698C /* MetacriticGameScoreViewer */,
			);
		};
/* End PBXProject section */

/* Begin PBXResourcesBuildPhase section */
		5B1F3BF52420DFB200E0698C /* Resources */ = {
			isa = PBXResourcesBuildPhase;
			buildActionMask = 2147483647;
			files = (
				5B1F3C072420DFB200E0698C /* LaunchScreen.storyboard in Resources */,
				5B1F3C042420DFB200E0698C /* Assets.xcassets in Resources */,
				5B3E7C052427501F0027BD1D /* GoogleService-Info.plist in Resources */,
				5B1F3C022420DFB200E0698C /* Main.storyboard in Resources */,
				5BE01E1224222AAF005DD70C /* GameInfoCell.xib in Resources */,
				5B2C8852242CA91D0028BC17 /* LibraryTableViewCell.xib in Resources */,
			);
			runOnlyForDeploymentPostprocessing = 0;
		};
/* End PBXResourcesBuildPhase section */

/* Begin PBXShellScriptBuildPhase section */
		D52F1AAE377FB356506F5B7B /* [CP] Check Pods Manifest.lock */ = {
			isa = PBXShellScriptBuildPhase;
			buildActionMask = 2147483647;
			files = (
			);
			inputFileListPaths = (
			);
			inputPaths = (
				"${PODS_PODFILE_DIR_PATH}/Podfile.lock",
				"${PODS_ROOT}/Manifest.lock",
			);
			name = "[CP] Check Pods Manifest.lock";
			outputFileListPaths = (
			);
			outputPaths = (
				"$(DERIVED_FILE_DIR)/Pods-MetacriticGameScoreViewer-checkManifestLockResult.txt",
			);
			runOnlyForDeploymentPostprocessing = 0;
			shellPath = /bin/sh;
			shellScript = "diff \"${PODS_PODFILE_DIR_PATH}/Podfile.lock\" \"${PODS_ROOT}/Manifest.lock\" > /dev/null\nif [ $? != 0 ] ; then\n    # print error to STDERR\n    echo \"error: The sandbox is not in sync with the Podfile.lock. Run 'pod install' or update your CocoaPods installation.\" >&2\n    exit 1\nfi\n# This output is used by Xcode 'outputs' to avoid re-running this script phase.\necho \"SUCCESS\" > \"${SCRIPT_OUTPUT_FILE_0}\"\n";
			showEnvVarsInLog = 0;
		};
		EF8F6C4428B6EF333C2C8D6E /* [CP] Embed Pods Frameworks */ = {
			isa = PBXShellScriptBuildPhase;
			buildActionMask = 2147483647;
			files = (
			);
			inputFileListPaths = (
				"${PODS_ROOT}/Target Support Files/Pods-MetacriticGameScoreViewer/Pods-MetacriticGameScoreViewer-frameworks-${CONFIGURATION}-input-files.xcfilelist",
			);
			name = "[CP] Embed Pods Frameworks";
			outputFileListPaths = (
				"${PODS_ROOT}/Target Support Files/Pods-MetacriticGameScoreViewer/Pods-MetacriticGameScoreViewer-frameworks-${CONFIGURATION}-output-files.xcfilelist",
			);
			runOnlyForDeploymentPostprocessing = 0;
			shellPath = /bin/sh;
			shellScript = "\"${PODS_ROOT}/Target Support Files/Pods-MetacriticGameScoreViewer/Pods-MetacriticGameScoreViewer-frameworks.sh\"\n";
			showEnvVarsInLog = 0;
		};
/* End PBXShellScriptBuildPhase section */

/* Begin PBXSourcesBuildPhase section */
		5B1F3BF32420DFB200E0698C /* Sources */ = {
			isa = PBXSourcesBuildPhase;
			buildActionMask = 2147483647;
			files = (
				5B9C092E242B561700F73F96 /* GameScoreInfo.swift in Sources */,
				5B2C8851242CA91D0028BC17 /* LibraryTableViewCell.swift in Sources */,
				5B3E7C032427284B0027BD1D /* WelcomeViewController.swift in Sources */,
				5B3E7C07242753410027BD1D /* Const.swift in Sources */,
				5B1F3BFF2420DFB200E0698C /* SearchViewController.swift in Sources */,
				5BE01E1524224474005DD70C /* Realm_GameScoreInfo.swift in Sources */,
				5B2C8854242CAC120028BC17 /* LibraryCellInfo.swift in Sources */,
				5B3E7BFF242727EF0027BD1D /* RegisterViewController.swift in Sources */,
				5B1F3BFB2420DFB200E0698C /* AppDelegate.swift in Sources */,
				5B3E7C01242728000027BD1D /* LoginViewController.swift in Sources */,
				5B1F3BFD2420DFB200E0698C /* SceneDelegate.swift in Sources */,
				5B50E0D9242A2398009CF4A7 /* DescriptionPopupViewController.swift in Sources */,
				5B24A8DF2425CAC800A12A96 /* BookmarkViewController.swift in Sources */,
				5BE01E1124222AAF005DD70C /* GameInfoCell.swift in Sources */,
				5B2C884E242CA7060028BC17 /* LibraryViewController.swift in Sources */,
			);
			runOnlyForDeploymentPostprocessing = 0;
		};
/* End PBXSourcesBuildPhase section */

/* Begin PBXVariantGroup section */
		5B1F3C002420DFB200E0698C /* Main.storyboard */ = {
			isa = PBXVariantGroup;
			children = (
				5B1F3C012420DFB200E0698C /* Base */,
			);
			name = Main.storyboard;
			sourceTree = "<group>";
		};
		5B1F3C052420DFB200E0698C /* LaunchScreen.storyboard */ = {
			isa = PBXVariantGroup;
			children = (
				5B1F3C062420DFB200E0698C /* Base */,
			);
			name = LaunchScreen.storyboard;
			sourceTree = "<group>";
		};
/* End PBXVariantGroup section */

/* Begin XCBuildConfiguration section */
		5B1F3C092420DFB200E0698C /* Debug */ = {
			isa = XCBuildConfiguration;
			buildSettings = {
				ALWAYS_SEARCH_USER_PATHS = NO;
				CLANG_ANALYZER_NONNULL = YES;
				CLANG_ANALYZER_NUMBER_OBJECT_CONVERSION = YES_AGGRESSIVE;
				CLANG_CXX_LANGUAGE_STANDARD = "gnu++14";
				CLANG_CXX_LIBRARY = "libc++";
				CLANG_ENABLE_MODULES = YES;
				CLANG_ENABLE_OBJC_ARC = YES;
				CLANG_ENABLE_OBJC_WEAK = YES;
				CLANG_WARN_BLOCK_CAPTURE_AUTORELEASING = YES;
				CLANG_WARN_BOOL_CONVERSION = YES;
				CLANG_WARN_COMMA = YES;
				CLANG_WARN_CONSTANT_CONVERSION = YES;
				CLANG_WARN_DEPRECATED_OBJC_IMPLEMENTATIONS = YES;
				CLANG_WARN_DIRECT_OBJC_ISA_USAGE = YES_ERROR;
				CLANG_WARN_DOCUMENTATION_COMMENTS = YES;
				CLANG_WARN_EMPTY_BODY = YES;
				CLANG_WARN_ENUM_CONVERSION = YES;
				CLANG_WARN_INFINITE_RECURSION = YES;
				CLANG_WARN_INT_CONVERSION = YES;
				CLANG_WARN_NON_LITERAL_NULL_CONVERSION = YES;
				CLANG_WARN_OBJC_IMPLICIT_RETAIN_SELF = YES;
				CLANG_WARN_OBJC_LITERAL_CONVERSION = YES;
				CLANG_WARN_OBJC_ROOT_CLASS = YES_ERROR;
				CLANG_WARN_RANGE_LOOP_ANALYSIS = YES;
				CLANG_WARN_STRICT_PROTOTYPES = YES;
				CLANG_WARN_SUSPICIOUS_MOVE = YES;
				CLANG_WARN_UNGUARDED_AVAILABILITY = YES_AGGRESSIVE;
				CLANG_WARN_UNREACHABLE_CODE = YES;
				CLANG_WARN__DUPLICATE_METHOD_MATCH = YES;
				COPY_PHASE_STRIP = NO;
				DEBUG_INFORMATION_FORMAT = dwarf;
				ENABLE_STRICT_OBJC_MSGSEND = YES;
				ENABLE_TESTABILITY = YES;
				GCC_C_LANGUAGE_STANDARD = gnu11;
				GCC_DYNAMIC_NO_PIC = NO;
				GCC_NO_COMMON_BLOCKS = YES;
				GCC_OPTIMIZATION_LEVEL = 0;
				GCC_PREPROCESSOR_DEFINITIONS = (
					"DEBUG=1",
					"$(inherited)",
				);
				GCC_WARN_64_TO_32_BIT_CONVERSION = YES;
				GCC_WARN_ABOUT_RETURN_TYPE = YES_ERROR;
				GCC_WARN_UNDECLARED_SELECTOR = YES;
				GCC_WARN_UNINITIALIZED_AUTOS = YES_AGGRESSIVE;
				GCC_WARN_UNUSED_FUNCTION = YES;
				GCC_WARN_UNUSED_VARIABLE = YES;
				IPHONEOS_DEPLOYMENT_TARGET = 13.2;
				MTL_ENABLE_DEBUG_INFO = INCLUDE_SOURCE;
				MTL_FAST_MATH = YES;
				ONLY_ACTIVE_ARCH = YES;
				SDKROOT = iphoneos;
				SWIFT_ACTIVE_COMPILATION_CONDITIONS = DEBUG;
				SWIFT_OPTIMIZATION_LEVEL = "-Onone";
			};
			name = Debug;
		};
		5B1F3C0A2420DFB200E0698C /* Release */ = {
			isa = XCBuildConfiguration;
			buildSettings = {
				ALWAYS_SEARCH_USER_PATHS = NO;
				CLANG_ANALYZER_NONNULL = YES;
				CLANG_ANALYZER_NUMBER_OBJECT_CONVERSION = YES_AGGRESSIVE;
				CLANG_CXX_LANGUAGE_STANDARD = "gnu++14";
				CLANG_CXX_LIBRARY = "libc++";
				CLANG_ENABLE_MODULES = YES;
				CLANG_ENABLE_OBJC_ARC = YES;
				CLANG_ENABLE_OBJC_WEAK = YES;
				CLANG_WARN_BLOCK_CAPTURE_AUTORELEASING = YES;
				CLANG_WARN_BOOL_CONVERSION = YES;
				CLANG_WARN_COMMA = YES;
				CLANG_WARN_CONSTANT_CONVERSION = YES;
				CLANG_WARN_DEPRECATED_OBJC_IMPLEMENTATIONS = YES;
				CLANG_WARN_DIRECT_OBJC_ISA_USAGE = YES_ERROR;
				CLANG_WARN_DOCUMENTATION_COMMENTS = YES;
				CLANG_WARN_EMPTY_BODY = YES;
				CLANG_WARN_ENUM_CONVERSION = YES;
				CLANG_WARN_INFINITE_RECURSION = YES;
				CLANG_WARN_INT_CONVERSION = YES;
				CLANG_WARN_NON_LITERAL_NULL_CONVERSION = YES;
				CLANG_WARN_OBJC_IMPLICIT_RETAIN_SELF = YES;
				CLANG_WARN_OBJC_LITERAL_CONVERSION = YES;
				CLANG_WARN_OBJC_ROOT_CLASS = YES_ERROR;
				CLANG_WARN_RANGE_LOOP_ANALYSIS = YES;
				CLANG_WARN_STRICT_PROTOTYPES = YES;
				CLANG_WARN_SUSPICIOUS_MOVE = YES;
				CLANG_WARN_UNGUARDED_AVAILABILITY = YES_AGGRESSIVE;
				CLANG_WARN_UNREACHABLE_CODE = YES;
				CLANG_WARN__DUPLICATE_METHOD_MATCH = YES;
				COPY_PHASE_STRIP = NO;
				DEBUG_INFORMATION_FORMAT = "dwarf-with-dsym";
				ENABLE_NS_ASSERTIONS = NO;
				ENABLE_STRICT_OBJC_MSGSEND = YES;
				GCC_C_LANGUAGE_STANDARD = gnu11;
				GCC_NO_COMMON_BLOCKS = YES;
				GCC_WARN_64_TO_32_BIT_CONVERSION = YES;
				GCC_WARN_ABOUT_RETURN_TYPE = YES_ERROR;
				GCC_WARN_UNDECLARED_SELECTOR = YES;
				GCC_WARN_UNINITIALIZED_AUTOS = YES_AGGRESSIVE;
				GCC_WARN_UNUSED_FUNCTION = YES;
				GCC_WARN_UNUSED_VARIABLE = YES;
				IPHONEOS_DEPLOYMENT_TARGET = 13.2;
				MTL_ENABLE_DEBUG_INFO = NO;
				MTL_FAST_MATH = YES;
				SDKROOT = iphoneos;
				SWIFT_COMPILATION_MODE = wholemodule;
				SWIFT_OPTIMIZATION_LEVEL = "-O";
				VALIDATE_PRODUCT = YES;
			};
			name = Release;
		};
		5B1F3C0C2420DFB200E0698C /* Debug */ = {
			isa = XCBuildConfiguration;
			baseConfigurationReference = F61A186AF3F90CAABB46A3C3 /* Pods-MetacriticGameScoreViewer.debug.xcconfig */;
			buildSettings = {
				ASSETCATALOG_COMPILER_APPICON_NAME = AppIcon;
				CODE_SIGN_STYLE = Automatic;
				DEVELOPMENT_TEAM = 2242LQBA9Q;
				INFOPLIST_FILE = MetacriticGameScoreViewer/Info.plist;
				LD_RUNPATH_SEARCH_PATHS = (
					"$(inherited)",
					"@executable_path/Frameworks",
				);
				PRODUCT_BUNDLE_IDENTIFIER = com.jaegukim.MetacriticGameScoreViewer;
				PRODUCT_NAME = GameTodoey;
				SWIFT_VERSION = 5.0;
				TARGETED_DEVICE_FAMILY = "1,2";
			};
			name = Debug;
		};
		5B1F3C0D2420DFB200E0698C /* Release */ = {
			isa = XCBuildConfiguration;
			baseConfigurationReference = 7DE7BCD0A9AB9627D37CB329 /* Pods-MetacriticGameScoreViewer.release.xcconfig */;
			buildSettings = {
				ASSETCATALOG_COMPILER_APPICON_NAME = AppIcon;
				CODE_SIGN_STYLE = Automatic;
				DEVELOPMENT_TEAM = 2242LQBA9Q;
				INFOPLIST_FILE = MetacriticGameScoreViewer/Info.plist;
				LD_RUNPATH_SEARCH_PATHS = (
					"$(inherited)",
					"@executable_path/Frameworks",
				);
				PRODUCT_BUNDLE_IDENTIFIER = com.jaegukim.MetacriticGameScoreViewer;
				PRODUCT_NAME = GameTodoey;
				SWIFT_VERSION = 5.0;
				TARGETED_DEVICE_FAMILY = "1,2";
			};
			name = Release;
		};
/* End XCBuildConfiguration section */

/* Begin XCConfigurationList section */
		5B1F3BF22420DFB200E0698C /* Build configuration list for PBXProject "MetacriticGameScoreViewer" */ = {
			isa = XCConfigurationList;
			buildConfigurations = (
				5B1F3C092420DFB200E0698C /* Debug */,
				5B1F3C0A2420DFB200E0698C /* Release */,
			);
			defaultConfigurationIsVisible = 0;
			defaultConfigurationName = Release;
		};
		5B1F3C0B2420DFB200E0698C /* Build configuration list for PBXNativeTarget "MetacriticGameScoreViewer" */ = {
			isa = XCConfigurationList;
			buildConfigurations = (
				5B1F3C0C2420DFB200E0698C /* Debug */,
				5B1F3C0D2420DFB200E0698C /* Release */,
			);
			defaultConfigurationIsVisible = 0;
			defaultConfigurationName = Release;
		};
/* End XCConfigurationList section */
	};
	rootObject = 5B1F3BEF2420DFB200E0698C /* Project object */;
}
